
Microsoft Visual Studio Solution File, Format Version 12.00
# Visual Studio Version 17
VisualStudioVersion = 17.6.33801.468
MinimumVisualStudioVersion = 10.0.40219.1
Project("{FAE04EC0-301F-11D3-BF4B-00C04F79EFBC}") = "RunOnStartup", "RunOnStartup.csproj", "{43209EC7-8C8D-430D-832F-39C0C0B4860D}"
EndProject
Global
	GlobalSection(SolutionConfigurationPlatforms) = preSolution
		Debug|Any CPU = Debug|Any CPU
		Release|Any CPU = Release|Any CPU
	EndGlobalSection
	GlobalSection(ProjectConfigurationPlatforms) = postSolution
		{43209EC7-8C8D-430D-832F-39C0C0B4860D}.Debug|Any CPU.ActiveCfg = Debug|Any CPU
		{43209EC7-8C8D-430D-832F-39C0C0B4860D}.Debug|Any CPU.Build.0 = Debug|Any CPU
		{43209EC7-8C8D-430D-832F-39C0C0B4860D}.Release|Any CPU.ActiveCfg = Release|Any CPU
		{43209EC7-8C8D-430D-832F-39C0C0B4860D}.Release|Any CPU.Build.0 = Release|Any CPU
	EndGlobalSection
	GlobalSection(SolutionProperties) = preSolution
		HideSolutionNode = FALSE
	EndGlobalSection
	GlobalSection(ExtensibilityGlobals) = postSolution
		SolutionGuid = {9FFBB73D-7948-4543-8517-A5A67B0B159E}
	EndGlobalSection
EndGlobal
